// !$*UTF8*$!
{
	archiveVersion = 1;
	classes = {
	};
	objectVersion = 50;
	objects = {

/* Begin PBXBuildFile section */
		AA2301C521F7F36900222775 /* AppDelegate.swift in Sources */ = {isa = PBXBuildFile; fileRef = AA2301C421F7F36900222775 /* AppDelegate.swift */; };
		AA2301C721F7F36900222775 /* ViewController.swift in Sources */ = {isa = PBXBuildFile; fileRef = AA2301C621F7F36900222775 /* ViewController.swift */; };
		AA2301CA21F7F36900222775 /* Main.storyboard in Resources */ = {isa = PBXBuildFile; fileRef = AA2301C821F7F36900222775 /* Main.storyboard */; };
		AA2301CC21F7F37B00222775 /* Assets.xcassets in Resources */ = {isa = PBXBuildFile; fileRef = AA2301CB21F7F37B00222775 /* Assets.xcassets */; };
		AA2301CF21F7F37B00222775 /* LaunchScreen.storyboard in Resources */ = {isa = PBXBuildFile; fileRef = AA2301CD21F7F37B00222775 /* LaunchScreen.storyboard */; };
		AA2301D721F8055B00222775 /* PopularMovies.swift in Sources */ = {isa = PBXBuildFile; fileRef = AA2301D621F8055B00222775 /* PopularMovies.swift */; };
		AA2301DB21F80AA100222775 /* MovieDBAPIClient.swift in Sources */ = {isa = PBXBuildFile; fileRef = AA2301DA21F80AA100222775 /* MovieDBAPIClient.swift */; };
		E9B7DC65084D5016F24B2B6C /* Pods_GetFlix.framework in Frameworks */ = {isa = PBXBuildFile; fileRef = 4EFDC202572C41346EA0E36F /* Pods_GetFlix.framework */; };
/* End PBXBuildFile section */

/* Begin PBXFileReference section */
		4EFDC202572C41346EA0E36F /* Pods_GetFlix.framework */ = {isa = PBXFileReference; explicitFileType = wrapper.framework; includeInIndex = 0; path = Pods_GetFlix.framework; sourceTree = BUILT_PRODUCTS_DIR; };
		A59E1ECBFDAA592675F7AE86 /* Pods-GetFlix.release.xcconfig */ = {isa = PBXFileReference; includeInIndex = 1; lastKnownFileType = text.xcconfig; name = "Pods-GetFlix.release.xcconfig"; path = "Pods/Target Support Files/Pods-GetFlix/Pods-GetFlix.release.xcconfig"; sourceTree = "<group>"; };
		AA2301C121F7F36900222775 /* GetFlix.app */ = {isa = PBXFileReference; explicitFileType = wrapper.application; includeInIndex = 0; path = GetFlix.app; sourceTree = BUILT_PRODUCTS_DIR; };
		AA2301C421F7F36900222775 /* AppDelegate.swift */ = {isa = PBXFileReference; lastKnownFileType = sourcecode.swift; path = AppDelegate.swift; sourceTree = "<group>"; };
		AA2301C621F7F36900222775 /* ViewController.swift */ = {isa = PBXFileReference; lastKnownFileType = sourcecode.swift; path = ViewController.swift; sourceTree = "<group>"; };
		AA2301C921F7F36900222775 /* Base */ = {isa = PBXFileReference; lastKnownFileType = file.storyboard; name = Base; path = Base.lproj/Main.storyboard; sourceTree = "<group>"; };
		AA2301CB21F7F37B00222775 /* Assets.xcassets */ = {isa = PBXFileReference; lastKnownFileType = folder.assetcatalog; path = Assets.xcassets; sourceTree = "<group>"; };
		AA2301CE21F7F37B00222775 /* Base */ = {isa = PBXFileReference; lastKnownFileType = file.storyboard; name = Base; path = Base.lproj/LaunchScreen.storyboard; sourceTree = "<group>"; };
		AA2301D021F7F37B00222775 /* Info.plist */ = {isa = PBXFileReference; lastKnownFileType = text.plist.xml; path = Info.plist; sourceTree = "<group>"; };
		AA2301D621F8055B00222775 /* PopularMovies.swift */ = {isa = PBXFileReference; lastKnownFileType = sourcecode.swift; path = PopularMovies.swift; sourceTree = "<group>"; };
		AA2301DA21F80AA100222775 /* MovieDBAPIClient.swift */ = {isa = PBXFileReference; lastKnownFileType = sourcecode.swift; path = MovieDBAPIClient.swift; sourceTree = "<group>"; };
		D240808DE94CA4ECB791DC25 /* Pods-GetFlix.debug.xcconfig */ = {isa = PBXFileReference; includeInIndex = 1; lastKnownFileType = text.xcconfig; name = "Pods-GetFlix.debug.xcconfig"; path = "Pods/Target Support Files/Pods-GetFlix/Pods-GetFlix.debug.xcconfig"; sourceTree = "<group>"; };
/* End PBXFileReference section */

/* Begin PBXFrameworksBuildPhase section */
		AA2301BE21F7F36900222775 /* Frameworks */ = {
			isa = PBXFrameworksBuildPhase;
			buildActionMask = 2147483647;
			files = (
				E9B7DC65084D5016F24B2B6C /* Pods_GetFlix.framework in Frameworks */,
			);
			runOnlyForDeploymentPostprocessing = 0;
		};
/* End PBXFrameworksBuildPhase section */

/* Begin PBXGroup section */
		4EB7CCBA80CB6131A35D5957 /* Frameworks */ = {
			isa = PBXGroup;
			children = (
				4EFDC202572C41346EA0E36F /* Pods_GetFlix.framework */,
			);
			name = Frameworks;
			sourceTree = "<group>";
		};
		7AD3CFB6F62EE65F8C4E57A5 /* Pods */ = {
			isa = PBXGroup;
			children = (
				D240808DE94CA4ECB791DC25 /* Pods-GetFlix.debug.xcconfig */,
				A59E1ECBFDAA592675F7AE86 /* Pods-GetFlix.release.xcconfig */,
			);
			name = Pods;
			sourceTree = "<group>";
		};
		AA2301B821F7F36900222775 = {
			isa = PBXGroup;
			children = (
				AA2301C321F7F36900222775 /* GetFlix */,
				AA2301C221F7F36900222775 /* Products */,
				7AD3CFB6F62EE65F8C4E57A5 /* Pods */,
				4EB7CCBA80CB6131A35D5957 /* Frameworks */,
			);
			sourceTree = "<group>";
		};
		AA2301C221F7F36900222775 /* Products */ = {
			isa = PBXGroup;
			children = (
				AA2301C121F7F36900222775 /* GetFlix.app */,
			);
			name = Products;
			sourceTree = "<group>";
		};
		AA2301C321F7F36900222775 /* GetFlix */ = {
			isa = PBXGroup;
			children = (
				AA2301C421F7F36900222775 /* AppDelegate.swift */,
				AA2301C621F7F36900222775 /* ViewController.swift */,
				AA2301C821F7F36900222775 /* Main.storyboard */,
				AA2301CB21F7F37B00222775 /* Assets.xcassets */,
				AA2301CD21F7F37B00222775 /* LaunchScreen.storyboard */,
				AA2301D021F7F37B00222775 /* Info.plist */,
				AA2301D621F8055B00222775 /* PopularMovies.swift */,
				AA2301DA21F80AA100222775 /* MovieDBAPIClient.swift */,
			);
			path = GetFlix;
			sourceTree = "<group>";
		};
/* End PBXGroup section */

/* Begin PBXNativeTarget section */
		AA2301C021F7F36900222775 /* GetFlix */ = {
			isa = PBXNativeTarget;
			buildConfigurationList = AA2301D321F7F37B00222775 /* Build configuration list for PBXNativeTarget "GetFlix" */;
			buildPhases = (
				8F1D480BF7F61C47C7CBEBB5 /* [CP] Check Pods Manifest.lock */,
				AA2301BD21F7F36900222775 /* Sources */,
				AA2301BE21F7F36900222775 /* Frameworks */,
				AA2301BF21F7F36900222775 /* Resources */,
				D53F5EB3E6B49260EDDCA5C7 /* [CP] Embed Pods Frameworks */,
			);
			buildRules = (
			);
			dependencies = (
			);
			name = GetFlix;
			productName = GetFlix;
			productReference = AA2301C121F7F36900222775 /* GetFlix.app */;
			productType = "com.apple.product-type.application";
		};
/* End PBXNativeTarget section */

/* Begin PBXProject section */
		AA2301B921F7F36900222775 /* Project object */ = {
			isa = PBXProject;
			attributes = {
				LastSwiftUpdateCheck = 0940;
				LastUpgradeCheck = 0940;
				ORGANIZATIONNAME = "Morgan Pierson";
				TargetAttributes = {
					AA2301C021F7F36900222775 = {
						CreatedOnToolsVersion = 9.4.1;
					};
				};
			};
			buildConfigurationList = AA2301BC21F7F36900222775 /* Build configuration list for PBXProject "GetFlix" */;
			compatibilityVersion = "Xcode 9.3";
			developmentRegion = en;
			hasScannedForEncodings = 0;
			knownRegions = (
				en,
				Base,
			);
			mainGroup = AA2301B821F7F36900222775;
			productRefGroup = AA2301C221F7F36900222775 /* Products */;
			projectDirPath = "";
			projectRoot = "";
			targets = (
				AA2301C021F7F36900222775 /* GetFlix */,
			);
		};
/* End PBXProject section */

/* Begin PBXResourcesBuildPhase section */
		AA2301BF21F7F36900222775 /* Resources */ = {
			isa = PBXResourcesBuildPhase;
			buildActionMask = 2147483647;
			files = (
				AA2301CF21F7F37B00222775 /* LaunchScreen.storyboard in Resources */,
				AA2301CC21F7F37B00222775 /* Assets.xcassets in Resources */,
				AA2301CA21F7F36900222775 /* Main.storyboard in Resources */,
			);
			runOnlyForDeploymentPostprocessing = 0;
		};
/* End PBXResourcesBuildPhase section */

/* Begin PBXShellScriptBuildPhase section */
		8F1D480BF7F61C47C7CBEBB5 /* [CP] Check Pods Manifest.lock */ = {
			isa = PBXShellScriptBuildPhase;
			buildActionMask = 2147483647;
			files = (
			);
			inputPaths = (
				"${PODS_PODFILE_DIR_PATH}/Podfile.lock",
				"${PODS_ROOT}/Manifest.lock",
			);
			name = "[CP] Check Pods Manifest.lock";
			outputPaths = (
				"$(DERIVED_FILE_DIR)/Pods-GetFlix-checkManifestLockResult.txt",
			);
			runOnlyForDeploymentPostprocessing = 0;
			shellPath = /bin/sh;
			shellScript = "diff \"${PODS_PODFILE_DIR_PATH}/Podfile.lock\" \"${PODS_ROOT}/Manifest.lock\" > /dev/null\nif [ $? != 0 ] ; then\n    # print error to STDERR\n    echo \"error: The sandbox is not in sync with the Podfile.lock. Run 'pod install' or update your CocoaPods installation.\" >&2\n    exit 1\nfi\n# This output is used by Xcode 'outputs' to avoid re-running this script phase.\necho \"SUCCESS\" > \"${SCRIPT_OUTPUT_FILE_0}\"\n";
			showEnvVarsInLog = 0;
		};
		D53F5EB3E6B49260EDDCA5C7 /* [CP] Embed Pods Frameworks */ = {
			isa = PBXShellScriptBuildPhase;
			buildActionMask = 2147483647;
			files = (
			);
			inputPaths = (
				"${SRCROOT}/Pods/Target Support Files/Pods-GetFlix/Pods-GetFlix-frameworks.sh",
				"${BUILT_PRODUCTS_DIR}/Kingfisher/Kingfisher.framework",
			);
			name = "[CP] Embed Pods Frameworks";
			outputPaths = (
				"${TARGET_BUILD_DIR}/${FRAMEWORKS_FOLDER_PATH}/Kingfisher.framework",
			);
			runOnlyForDeploymentPostprocessing = 0;
			shellPath = /bin/sh;
			shellScript = "\"${SRCROOT}/Pods/Target Support Files/Pods-GetFlix/Pods-GetFlix-frameworks.sh\"\n";
			showEnvVarsInLog = 0;
		};
/* End PBXShellScriptBuildPhase section */

/* Begin PBXSourcesBuildPhase section */
		AA2301BD21F7F36900222775 /* Sources */ = {
			isa = PBXSourcesBuildPhase;
			buildActionMask = 2147483647;
			files = (
				AA2301DB21F80AA100222775 /* MovieDBAPIClient.swift in Sources */,
				AA2301C721F7F36900222775 /* ViewController.swift in Sources */,
				AA2301C521F7F36900222775 /* AppDelegate.swift in Sources */,
				AA2301D721F8055B00222775 /* PopularMovies.swift in Sources */,
			);
			runOnlyForDeploymentPostprocessing = 0;
		};
/* End PBXSourcesBuildPhase section */

/* Begin PBXVariantGroup section */
		AA2301C821F7F36900222775 /* Main.storyboard */ = {
			isa = PBXVariantGroup;
			children = (
				AA2301C921F7F36900222775 /* Base */,
			);
			name = Main.storyboard;
			sourceTree = "<group>";
		};
		AA2301CD21F7F37B00222775 /* LaunchScreen.storyboard */ = {
			isa = PBXVariantGroup;
			children = (
				AA2301CE21F7F37B00222775 /* Base */,
			);
			name = LaunchScreen.storyboard;
			sourceTree = "<group>";
		};
/* End PBXVariantGroup section */

/* Begin XCBuildConfiguration section */
		AA2301D121F7F37B00222775 /* Debug */ = {
			isa = XCBuildConfiguration;
			buildSettings = {
				ALWAYS_SEARCH_USER_PATHS = NO;
				CLANG_ANALYZER_NONNULL = YES;
				CLANG_ANALYZER_NUMBER_OBJECT_CONVERSION = YES_AGGRESSIVE;
				CLANG_CXX_LANGUAGE_STANDARD = "gnu++14";
				CLANG_CXX_LIBRARY = "libc++";
				CLANG_ENABLE_MODULES = YES;
				CLANG_ENABLE_OBJC_ARC = YES;
				CLANG_ENABLE_OBJC_WEAK = YES;
				CLANG_WARN_BLOCK_CAPTURE_AUTORELEASING = YES;
				CLANG_WARN_BOOL_CONVERSION = YES;
				CLANG_WARN_COMMA = YES;
				CLANG_WARN_CONSTANT_CONVERSION = YES;
				CLANG_WARN_DEPRECATED_OBJC_IMPLEMENTATIONS = YES;
				CLANG_WARN_DIRECT_OBJC_ISA_USAGE = YES_ERROR;
				CLANG_WARN_DOCUMENTATION_COMMENTS = YES;
				CLANG_WARN_EMPTY_BODY = YES;
				CLANG_WARN_ENUM_CONVERSION = YES;
				CLANG_WARN_INFINITE_RECURSION = YES;
				CLANG_WARN_INT_CONVERSION = YES;
				CLANG_WARN_NON_LITERAL_NULL_CONVERSION = YES;
				CLANG_WARN_OBJC_IMPLICIT_RETAIN_SELF = YES;
				CLANG_WARN_OBJC_LITERAL_CONVERSION = YES;
				CLANG_WARN_OBJC_ROOT_CLASS = YES_ERROR;
				CLANG_WARN_RANGE_LOOP_ANALYSIS = YES;
				CLANG_WARN_STRICT_PROTOTYPES = YES;
				CLANG_WARN_SUSPICIOUS_MOVE = YES;
				CLANG_WARN_UNGUARDED_AVAILABILITY = YES_AGGRESSIVE;
				CLANG_WARN_UNREACHABLE_CODE = YES;
				CLANG_WARN__DUPLICATE_METHOD_MATCH = YES;
				CODE_SIGN_IDENTITY = "iPhone Developer";
				COPY_PHASE_STRIP = NO;
				DEBUG_INFORMATION_FORMAT = dwarf;
				ENABLE_STRICT_OBJC_MSGSEND = YES;
				ENABLE_TESTABILITY = YES;
				GCC_C_LANGUAGE_STANDARD = gnu11;
				GCC_DYNAMIC_NO_PIC = NO;
				GCC_NO_COMMON_BLOCKS = YES;
				GCC_OPTIMIZATION_LEVEL = 0;
				GCC_PREPROCESSOR_DEFINITIONS = (
					"DEBUG=1",
					"$(inherited)",
				);
				GCC_WARN_64_TO_32_BIT_CONVERSION = YES;
				GCC_WARN_ABOUT_RETURN_TYPE = YES_ERROR;
				GCC_WARN_UNDECLARED_SELECTOR = YES;
				GCC_WARN_UNINITIALIZED_AUTOS = YES_AGGRESSIVE;
				GCC_WARN_UNUSED_FUNCTION = YES;
				GCC_WARN_UNUSED_VARIABLE = YES;
				IPHONEOS_DEPLOYMENT_TARGET = 11.4;
				MTL_ENABLE_DEBUG_INFO = YES;
				ONLY_ACTIVE_ARCH = YES;
				SDKROOT = iphoneos;
				SWIFT_ACTIVE_COMPILATION_CONDITIONS = DEBUG;
				SWIFT_OPTIMIZATION_LEVEL = "-Onone";
			};
			name = Debug;
		};
		AA2301D221F7F37B00222775 /* Release */ = {
			isa = XCBuildConfiguration;
			buildSettings = {
				ALWAYS_SEARCH_USER_PATHS = NO;
				CLANG_ANALYZER_NONNULL = YES;
				CLANG_ANALYZER_NUMBER_OBJECT_CONVERSION = YES_AGGRESSIVE;
				CLANG_CXX_LANGUAGE_STANDARD = "gnu++14";
				CLANG_CXX_LIBRARY = "libc++";
				CLANG_ENABLE_MODULES = YES;
				CLANG_ENABLE_OBJC_ARC = YES;
				CLANG_ENABLE_OBJC_WEAK = YES;
				CLANG_WARN_BLOCK_CAPTURE_AUTORELEASING = YES;
				CLANG_WARN_BOOL_CONVERSION = YES;
				CLANG_WARN_COMMA = YES;
				CLANG_WARN_CONSTANT_CONVERSION = YES;
				CLANG_WARN_DEPRECATED_OBJC_IMPLEMENTATIONS = YES;
				CLANG_WARN_DIRECT_OBJC_ISA_USAGE = YES_ERROR;
				CLANG_WARN_DOCUMENTATION_COMMENTS = YES;
				CLANG_WARN_EMPTY_BODY = YES;
				CLANG_WARN_ENUM_CONVERSION = YES;
				CLANG_WARN_INFINITE_RECURSION = YES;
				CLANG_WARN_INT_CONVERSION = YES;
				CLANG_WARN_NON_LITERAL_NULL_CONVERSION = YES;
				CLANG_WARN_OBJC_IMPLICIT_RETAIN_SELF = YES;
				CLANG_WARN_OBJC_LITERAL_CONVERSION = YES;
				CLANG_WARN_OBJC_ROOT_CLASS = YES_ERROR;
				CLANG_WARN_RANGE_LOOP_ANALYSIS = YES;
				CLANG_WARN_STRICT_PROTOTYPES = YES;
				CLANG_WARN_SUSPICIOUS_MOVE = YES;
				CLANG_WARN_UNGUARDED_AVAILABILITY = YES_AGGRESSIVE;
				CLANG_WARN_UNREACHABLE_CODE = YES;
				CLANG_WARN__DUPLICATE_METHOD_MATCH = YES;
				CODE_SIGN_IDENTITY = "iPhone Developer";
				COPY_PHASE_STRIP = NO;
				DEBUG_INFORMATION_FORMAT = "dwarf-with-dsym";
				ENABLE_NS_ASSERTIONS = NO;
				ENABLE_STRICT_OBJC_MSGSEND = YES;
				GCC_C_LANGUAGE_STANDARD = gnu11;
				GCC_NO_COMMON_BLOCKS = YES;
				GCC_WARN_64_TO_32_BIT_CONVERSION = YES;
				GCC_WARN_ABOUT_RETURN_TYPE = YES_ERROR;
				GCC_WARN_UNDECLARED_SELECTOR = YES;
				GCC_WARN_UNINITIALIZED_AUTOS = YES_AGGRESSIVE;
				GCC_WARN_UNUSED_FUNCTION = YES;
				GCC_WARN_UNUSED_VARIABLE = YES;
				IPHONEOS_DEPLOYMENT_TARGET = 11.4;
				MTL_ENABLE_DEBUG_INFO = NO;
				SDKROOT = iphoneos;
				SWIFT_COMPILATION_MODE = wholemodule;
				SWIFT_OPTIMIZATION_LEVEL = "-O";
				VALIDATE_PRODUCT = YES;
			};
			name = Release;
		};
		AA2301D421F7F37B00222775 /* Debug */ = {
			isa = XCBuildConfiguration;
			baseConfigurationReference = D240808DE94CA4ECB791DC25 /* Pods-GetFlix.debug.xcconfig */;
			buildSettings = {
				ASSETCATALOG_COMPILER_APPICON_NAME = AppIcon;
				CODE_SIGN_STYLE = Automatic;
				DEVELOPMENT_TEAM = 852KW4N39H;
				INFOPLIST_FILE = GetFlix/Info.plist;
				LD_RUNPATH_SEARCH_PATHS = (
					"$(inherited)",
					"@executable_path/Frameworks",
				);
				PRODUCT_BUNDLE_IDENTIFIER = com.morganpierson.GetFlix;
				PRODUCT_NAME = "$(TARGET_NAME)";
				SWIFT_VERSION = 4.0;
				TARGETED_DEVICE_FAMILY = "1,2";
			};
			name = Debug;
		};
		AA2301D521F7F37B00222775 /* Release */ = {
			isa = XCBuildConfiguration;
			baseConfigurationReference = A59E1ECBFDAA592675F7AE86 /* Pods-GetFlix.release.xcconfig */;
			buildSettings = {
				ASSETCATALOG_COMPILER_APPICON_NAME = AppIcon;
				CODE_SIGN_STYLE = Automatic;
				DEVELOPMENT_TEAM = 852KW4N39H;
				INFOPLIST_FILE = GetFlix/Info.plist;
				LD_RUNPATH_SEARCH_PATHS = (
					"$(inherited)",
					"@executable_path/Frameworks",
				);
				PRODUCT_BUNDLE_IDENTIFIER = com.morganpierson.GetFlix;
				PRODUCT_NAME = "$(TARGET_NAME)";
				SWIFT_VERSION = 4.0;
				TARGETED_DEVICE_FAMILY = "1,2";
			};
			name = Release;
		};
/* End XCBuildConfiguration section */

/* Begin XCConfigurationList section */
		AA2301BC21F7F36900222775 /* Build configuration list for PBXProject "GetFlix" */ = {
			isa = XCConfigurationList;
			buildConfigurations = (
				AA2301D121F7F37B00222775 /* Debug */,
				AA2301D221F7F37B00222775 /* Release */,
			);
			defaultConfigurationIsVisible = 0;
			defaultConfigurationName = Release;
		};
		AA2301D321F7F37B00222775 /* Build configuration list for PBXNativeTarget "GetFlix" */ = {
			isa = XCConfigurationList;
			buildConfigurations = (
				AA2301D421F7F37B00222775 /* Debug */,
				AA2301D521F7F37B00222775 /* Release */,
			);
			defaultConfigurationIsVisible = 0;
			defaultConfigurationName = Release;
		};
/* End XCConfigurationList section */
	};
	rootObject = AA2301B921F7F36900222775 /* Project object */;
}
